// !$*UTF8*$!
{
	archiveVersion = 1;
	classes = {
	};
	objectVersion = 50;
	objects = {

/* Begin PBXBuildFile section */
		533F283D2117EADB00B35177 /* HomePageViewController.swift in Sources */ = {isa = PBXBuildFile; fileRef = 533F283C2117EADB00B35177 /* HomePageViewController.swift */; };
		533F283F2117F8CA00B35177 /* WriteReviewViewController.swift in Sources */ = {isa = PBXBuildFile; fileRef = 533F283E2117F8CA00B35177 /* WriteReviewViewController.swift */; };
		533F28412117F8D800B35177 /* SearchReviewViewController.swift in Sources */ = {isa = PBXBuildFile; fileRef = 533F28402117F8D800B35177 /* SearchReviewViewController.swift */; };
		53528A5320FAA6210091D1DB /* AppDelegate.swift in Sources */ = {isa = PBXBuildFile; fileRef = 53528A5220FAA6210091D1DB /* AppDelegate.swift */; };
		53528A5520FAA6210091D1DB /* ViewController.swift in Sources */ = {isa = PBXBuildFile; fileRef = 53528A5420FAA6210091D1DB /* ViewController.swift */; };
		53528A5820FAA6210091D1DB /* Main.storyboard in Resources */ = {isa = PBXBuildFile; fileRef = 53528A5620FAA6210091D1DB /* Main.storyboard */; };
		53528A5A20FAA6240091D1DB /* Assets.xcassets in Resources */ = {isa = PBXBuildFile; fileRef = 53528A5920FAA6240091D1DB /* Assets.xcassets */; };
		53528A5D20FAA6240091D1DB /* LaunchScreen.storyboard in Resources */ = {isa = PBXBuildFile; fileRef = 53528A5B20FAA6240091D1DB /* LaunchScreen.storyboard */; };
		53528A6520FAA73D0091D1DB /* GoogleService-Info.plist in Resources */ = {isa = PBXBuildFile; fileRef = 53528A6420FAA73D0091D1DB /* GoogleService-Info.plist */; };
		53EB3B262119424B000AB26C /* SearchResultsViewController.swift in Sources */ = {isa = PBXBuildFile; fileRef = 53EB3B252119424B000AB26C /* SearchResultsViewController.swift */; };
		53EB3B28211944BB000AB26C /* SearchReviewCollectionViewCell.swift in Sources */ = {isa = PBXBuildFile; fileRef = 53EB3B27211944BB000AB26C /* SearchReviewCollectionViewCell.swift */; };
		F28B76CB6AE699D105FDB0FD /* Pods_BUCentral.framework in Frameworks */ = {isa = PBXBuildFile; fileRef = 58D38BEF3BC23A9EA7C149CC /* Pods_BUCentral.framework */; };
/* End PBXBuildFile section */

/* Begin PBXFileReference section */
		533F283C2117EADB00B35177 /* HomePageViewController.swift */ = {isa = PBXFileReference; lastKnownFileType = sourcecode.swift; name = HomePageViewController.swift; path = /Users/MichaelHendrick/Desktop/BUCentral/BUCentral/HomePageViewController.swift; sourceTree = "<absolute>"; };
		533F283E2117F8CA00B35177 /* WriteReviewViewController.swift */ = {isa = PBXFileReference; lastKnownFileType = sourcecode.swift; path = WriteReviewViewController.swift; sourceTree = "<group>"; };
		533F28402117F8D800B35177 /* SearchReviewViewController.swift */ = {isa = PBXFileReference; lastKnownFileType = sourcecode.swift; path = SearchReviewViewController.swift; sourceTree = "<group>"; };
		53528A4F20FAA6210091D1DB /* BUCentral.app */ = {isa = PBXFileReference; explicitFileType = wrapper.application; includeInIndex = 0; path = BUCentral.app; sourceTree = BUILT_PRODUCTS_DIR; };
		53528A5220FAA6210091D1DB /* AppDelegate.swift */ = {isa = PBXFileReference; lastKnownFileType = sourcecode.swift; path = AppDelegate.swift; sourceTree = "<group>"; };
		53528A5420FAA6210091D1DB /* ViewController.swift */ = {isa = PBXFileReference; lastKnownFileType = sourcecode.swift; path = ViewController.swift; sourceTree = "<group>"; };
		53528A5720FAA6210091D1DB /* Base */ = {isa = PBXFileReference; lastKnownFileType = file.storyboard; name = Base; path = Base.lproj/Main.storyboard; sourceTree = "<group>"; };
		53528A5920FAA6240091D1DB /* Assets.xcassets */ = {isa = PBXFileReference; lastKnownFileType = folder.assetcatalog; path = Assets.xcassets; sourceTree = "<group>"; };
		53528A5C20FAA6240091D1DB /* Base */ = {isa = PBXFileReference; lastKnownFileType = file.storyboard; name = Base; path = Base.lproj/LaunchScreen.storyboard; sourceTree = "<group>"; };
		53528A5E20FAA6240091D1DB /* Info.plist */ = {isa = PBXFileReference; lastKnownFileType = text.plist.xml; path = Info.plist; sourceTree = "<group>"; };
		53528A6420FAA73D0091D1DB /* GoogleService-Info.plist */ = {isa = PBXFileReference; fileEncoding = 4; lastKnownFileType = text.plist.xml; path = "GoogleService-Info.plist"; sourceTree = "<group>"; };
		53EB3B252119424B000AB26C /* SearchResultsViewController.swift */ = {isa = PBXFileReference; lastKnownFileType = sourcecode.swift; path = SearchResultsViewController.swift; sourceTree = "<group>"; };
		53EB3B27211944BB000AB26C /* SearchReviewCollectionViewCell.swift */ = {isa = PBXFileReference; lastKnownFileType = sourcecode.swift; path = SearchReviewCollectionViewCell.swift; sourceTree = "<group>"; };
		58D38BEF3BC23A9EA7C149CC /* Pods_BUCentral.framework */ = {isa = PBXFileReference; explicitFileType = wrapper.framework; includeInIndex = 0; path = Pods_BUCentral.framework; sourceTree = BUILT_PRODUCTS_DIR; };
		A5AE727F33B253DB107E1287 /* Pods-BUCentral.release.xcconfig */ = {isa = PBXFileReference; includeInIndex = 1; lastKnownFileType = text.xcconfig; name = "Pods-BUCentral.release.xcconfig"; path = "Pods/Target Support Files/Pods-BUCentral/Pods-BUCentral.release.xcconfig"; sourceTree = "<group>"; };
		B12F8A6A8383FFB0F72C5250 /* Pods-BUCentral.debug.xcconfig */ = {isa = PBXFileReference; includeInIndex = 1; lastKnownFileType = text.xcconfig; name = "Pods-BUCentral.debug.xcconfig"; path = "Pods/Target Support Files/Pods-BUCentral/Pods-BUCentral.debug.xcconfig"; sourceTree = "<group>"; };
/* End PBXFileReference section */

/* Begin PBXFrameworksBuildPhase section */
		53528A4C20FAA6210091D1DB /* Frameworks */ = {
			isa = PBXFrameworksBuildPhase;
			buildActionMask = 2147483647;
			files = (
				F28B76CB6AE699D105FDB0FD /* Pods_BUCentral.framework in Frameworks */,
			);
			runOnlyForDeploymentPostprocessing = 0;
		};
/* End PBXFrameworksBuildPhase section */

/* Begin PBXGroup section */
		53528A4620FAA6210091D1DB = {
			isa = PBXGroup;
			children = (
				53528A5120FAA6210091D1DB /* BUCentral */,
				53528A5020FAA6210091D1DB /* Products */,
				E02E9605D9D1CEB0342F2DD5 /* Pods */,
				8E922BBDFF4C815EA43E773D /* Frameworks */,
			);
			sourceTree = "<group>";
		};
		53528A5020FAA6210091D1DB /* Products */ = {
			isa = PBXGroup;
			children = (
				53528A4F20FAA6210091D1DB /* BUCentral.app */,
			);
			name = Products;
			sourceTree = "<group>";
		};
		53528A5120FAA6210091D1DB /* BUCentral */ = {
			isa = PBXGroup;
			children = (
				53528A5220FAA6210091D1DB /* AppDelegate.swift */,
				53528A5420FAA6210091D1DB /* ViewController.swift */,
				533F283C2117EADB00B35177 /* HomePageViewController.swift */,
				533F283E2117F8CA00B35177 /* WriteReviewViewController.swift */,
				533F28402117F8D800B35177 /* SearchReviewViewController.swift */,
				53528A5620FAA6210091D1DB /* Main.storyboard */,
				53EB3B27211944BB000AB26C /* SearchReviewCollectionViewCell.swift */,
				53EB3B252119424B000AB26C /* SearchResultsViewController.swift */,
				53528A5920FAA6240091D1DB /* Assets.xcassets */,
				53528A5B20FAA6240091D1DB /* LaunchScreen.storyboard */,
				53528A6420FAA73D0091D1DB /* GoogleService-Info.plist */,
				53528A5E20FAA6240091D1DB /* Info.plist */,
			);
			path = BUCentral;
			sourceTree = "<group>";
		};
		8E922BBDFF4C815EA43E773D /* Frameworks */ = {
			isa = PBXGroup;
			children = (
				58D38BEF3BC23A9EA7C149CC /* Pods_BUCentral.framework */,
			);
			name = Frameworks;
			sourceTree = "<group>";
		};
		E02E9605D9D1CEB0342F2DD5 /* Pods */ = {
			isa = PBXGroup;
			children = (
				B12F8A6A8383FFB0F72C5250 /* Pods-BUCentral.debug.xcconfig */,
				A5AE727F33B253DB107E1287 /* Pods-BUCentral.release.xcconfig */,
			);
			name = Pods;
			sourceTree = "<group>";
		};
/* End PBXGroup section */

/* Begin PBXNativeTarget section */
		53528A4E20FAA6210091D1DB /* BUCentral */ = {
			isa = PBXNativeTarget;
			buildConfigurationList = 53528A6120FAA6240091D1DB /* Build configuration list for PBXNativeTarget "BUCentral" */;
			buildPhases = (
				BB6D90D6A4883961467E613D /* [CP] Check Pods Manifest.lock */,
				53528A4B20FAA6210091D1DB /* Sources */,
				53528A4C20FAA6210091D1DB /* Frameworks */,
				53528A4D20FAA6210091D1DB /* Resources */,
				630E0362C3ED0AE5AB5970C3 /* [CP] Embed Pods Frameworks */,
			);
			buildRules = (
			);
			dependencies = (
			);
			name = BUCentral;
			productName = BUCentral;
			productReference = 53528A4F20FAA6210091D1DB /* BUCentral.app */;
			productType = "com.apple.product-type.application";
		};
/* End PBXNativeTarget section */

/* Begin PBXProject section */
		53528A4720FAA6210091D1DB /* Project object */ = {
			isa = PBXProject;
			attributes = {
				LastSwiftUpdateCheck = 0940;
				LastUpgradeCheck = 0940;
				ORGANIZATIONNAME = "MHendrick Productions";
				TargetAttributes = {
					53528A4E20FAA6210091D1DB = {
						CreatedOnToolsVersion = 9.4.1;
					};
				};
			};
			buildConfigurationList = 53528A4A20FAA6210091D1DB /* Build configuration list for PBXProject "BUCentral" */;
			compatibilityVersion = "Xcode 9.3";
			developmentRegion = en;
			hasScannedForEncodings = 0;
			knownRegions = (
				en,
				Base,
			);
			mainGroup = 53528A4620FAA6210091D1DB;
			productRefGroup = 53528A5020FAA6210091D1DB /* Products */;
			projectDirPath = "";
			projectRoot = "";
			targets = (
				53528A4E20FAA6210091D1DB /* BUCentral */,
			);
		};
/* End PBXProject section */

/* Begin PBXResourcesBuildPhase section */
		53528A4D20FAA6210091D1DB /* Resources */ = {
			isa = PBXResourcesBuildPhase;
			buildActionMask = 2147483647;
			files = (
				53528A5D20FAA6240091D1DB /* LaunchScreen.storyboard in Resources */,
				53528A6520FAA73D0091D1DB /* GoogleService-Info.plist in Resources */,
				53528A5A20FAA6240091D1DB /* Assets.xcassets in Resources */,
				53528A5820FAA6210091D1DB /* Main.storyboard in Resources */,
			);
			runOnlyForDeploymentPostprocessing = 0;
		};
/* End PBXResourcesBuildPhase section */

/* Begin PBXShellScriptBuildPhase section */
		630E0362C3ED0AE5AB5970C3 /* [CP] Embed Pods Frameworks */ = {
			isa = PBXShellScriptBuildPhase;
			buildActionMask = 2147483647;
			files = (
			);
			inputPaths = (
				"${SRCROOT}/Pods/Target Support Files/Pods-BUCentral/Pods-BUCentral-frameworks.sh",
				"${BUILT_PRODUCTS_DIR}/BoringSSL/openssl.framework",
				"${BUILT_PRODUCTS_DIR}/GTMSessionFetcher/GTMSessionFetcher.framework",
				"${BUILT_PRODUCTS_DIR}/GoogleToolboxForMac/GoogleToolboxForMac.framework",
				"${BUILT_PRODUCTS_DIR}/Protobuf/Protobuf.framework",
				"${BUILT_PRODUCTS_DIR}/gRPC/GRPCClient.framework",
				"${BUILT_PRODUCTS_DIR}/gRPC-Core/grpc.framework",
				"${BUILT_PRODUCTS_DIR}/gRPC-ProtoRPC/ProtoRPC.framework",
				"${BUILT_PRODUCTS_DIR}/gRPC-RxLibrary/RxLibrary.framework",
				"${BUILT_PRODUCTS_DIR}/leveldb-library/leveldb.framework",
				"${BUILT_PRODUCTS_DIR}/nanopb/nanopb.framework",
			);
			name = "[CP] Embed Pods Frameworks";
			outputPaths = (
				"${TARGET_BUILD_DIR}/${FRAMEWORKS_FOLDER_PATH}/openssl.framework",
				"${TARGET_BUILD_DIR}/${FRAMEWORKS_FOLDER_PATH}/GTMSessionFetcher.framework",
				"${TARGET_BUILD_DIR}/${FRAMEWORKS_FOLDER_PATH}/GoogleToolboxForMac.framework",
				"${TARGET_BUILD_DIR}/${FRAMEWORKS_FOLDER_PATH}/Protobuf.framework",
				"${TARGET_BUILD_DIR}/${FRAMEWORKS_FOLDER_PATH}/GRPCClient.framework",
				"${TARGET_BUILD_DIR}/${FRAMEWORKS_FOLDER_PATH}/grpc.framework",
				"${TARGET_BUILD_DIR}/${FRAMEWORKS_FOLDER_PATH}/ProtoRPC.framework",
				"${TARGET_BUILD_DIR}/${FRAMEWORKS_FOLDER_PATH}/RxLibrary.framework",
				"${TARGET_BUILD_DIR}/${FRAMEWORKS_FOLDER_PATH}/leveldb.framework",
				"${TARGET_BUILD_DIR}/${FRAMEWORKS_FOLDER_PATH}/nanopb.framework",
			);
			runOnlyForDeploymentPostprocessing = 0;
			shellPath = /bin/sh;
			shellScript = "\"${SRCROOT}/Pods/Target Support Files/Pods-BUCentral/Pods-BUCentral-frameworks.sh\"\n";
			showEnvVarsInLog = 0;
		};
		BB6D90D6A4883961467E613D /* [CP] Check Pods Manifest.lock */ = {
			isa = PBXShellScriptBuildPhase;
			buildActionMask = 2147483647;
			files = (
			);
			inputPaths = (
				"${PODS_PODFILE_DIR_PATH}/Podfile.lock",
				"${PODS_ROOT}/Manifest.lock",
			);
			name = "[CP] Check Pods Manifest.lock";
			outputPaths = (
				"$(DERIVED_FILE_DIR)/Pods-BUCentral-checkManifestLockResult.txt",
			);
			runOnlyForDeploymentPostprocessing = 0;
			shellPath = /bin/sh;
			shellScript = "diff \"${PODS_PODFILE_DIR_PATH}/Podfile.lock\" \"${PODS_ROOT}/Manifest.lock\" > /dev/null\nif [ $? != 0 ] ; then\n    # print error to STDERR\n    echo \"error: The sandbox is not in sync with the Podfile.lock. Run 'pod install' or update your CocoaPods installation.\" >&2\n    exit 1\nfi\n# This output is used by Xcode 'outputs' to avoid re-running this script phase.\necho \"SUCCESS\" > \"${SCRIPT_OUTPUT_FILE_0}\"\n";
			showEnvVarsInLog = 0;
		};
/* End PBXShellScriptBuildPhase section */

/* Begin PBXSourcesBuildPhase section */
		53528A4B20FAA6210091D1DB /* Sources */ = {
			isa = PBXSourcesBuildPhase;
			buildActionMask = 2147483647;
			files = (
				533F28412117F8D800B35177 /* SearchReviewViewController.swift in Sources */,
				53EB3B262119424B000AB26C /* SearchResultsViewController.swift in Sources */,
				53528A5520FAA6210091D1DB /* ViewController.swift in Sources */,
				53EB3B28211944BB000AB26C /* SearchReviewCollectionViewCell.swift in Sources */,
				53528A5320FAA6210091D1DB /* AppDelegate.swift in Sources */,
				533F283F2117F8CA00B35177 /* WriteReviewViewController.swift in Sources */,
				533F283D2117EADB00B35177 /* HomePageViewController.swift in Sources */,
			);
			runOnlyForDeploymentPostprocessing = 0;
		};
/* End PBXSourcesBuildPhase section */

/* Begin PBXVariantGroup section */
		53528A5620FAA6210091D1DB /* Main.storyboard */ = {
			isa = PBXVariantGroup;
			children = (
				53528A5720FAA6210091D1DB /* Base */,
			);
			name = Main.storyboard;
			sourceTree = "<group>";
		};
		53528A5B20FAA6240091D1DB /* LaunchScreen.storyboard */ = {
			isa = PBXVariantGroup;
			children = (
				53528A5C20FAA6240091D1DB /* Base */,
			);
			name = LaunchScreen.storyboard;
			sourceTree = "<group>";
		};
/* End PBXVariantGroup section */

/* Begin XCBuildConfiguration section */
		53528A5F20FAA6240091D1DB /* Debug */ = {
			isa = XCBuildConfiguration;
			buildSettings = {
				ALWAYS_SEARCH_USER_PATHS = NO;
				CLANG_ANALYZER_NONNULL = YES;
				CLANG_ANALYZER_NUMBER_OBJECT_CONVERSION = YES_AGGRESSIVE;
				CLANG_CXX_LANGUAGE_STANDARD = "gnu++14";
				CLANG_CXX_LIBRARY = "libc++";
				CLANG_ENABLE_MODULES = YES;
				CLANG_ENABLE_OBJC_ARC = YES;
				CLANG_ENABLE_OBJC_WEAK = YES;
				CLANG_WARN_BLOCK_CAPTURE_AUTORELEASING = YES;
				CLANG_WARN_BOOL_CONVERSION = YES;
				CLANG_WARN_COMMA = YES;
				CLANG_WARN_CONSTANT_CONVERSION = YES;
				CLANG_WARN_DEPRECATED_OBJC_IMPLEMENTATIONS = YES;
				CLANG_WARN_DIRECT_OBJC_ISA_USAGE = YES_ERROR;
				CLANG_WARN_DOCUMENTATION_COMMENTS = YES;
				CLANG_WARN_EMPTY_BODY = YES;
				CLANG_WARN_ENUM_CONVERSION = YES;
				CLANG_WARN_INFINITE_RECURSION = YES;
				CLANG_WARN_INT_CONVERSION = YES;
				CLANG_WARN_NON_LITERAL_NULL_CONVERSION = YES;
				CLANG_WARN_OBJC_IMPLICIT_RETAIN_SELF = YES;
				CLANG_WARN_OBJC_LITERAL_CONVERSION = YES;
				CLANG_WARN_OBJC_ROOT_CLASS = YES_ERROR;
				CLANG_WARN_RANGE_LOOP_ANALYSIS = YES;
				CLANG_WARN_STRICT_PROTOTYPES = YES;
				CLANG_WARN_SUSPICIOUS_MOVE = YES;
				CLANG_WARN_UNGUARDED_AVAILABILITY = YES_AGGRESSIVE;
				CLANG_WARN_UNREACHABLE_CODE = YES;
				CLANG_WARN__DUPLICATE_METHOD_MATCH = YES;
				CODE_SIGN_IDENTITY = "iPhone Developer";
				COPY_PHASE_STRIP = NO;
				DEBUG_INFORMATION_FORMAT = dwarf;
				ENABLE_STRICT_OBJC_MSGSEND = YES;
				ENABLE_TESTABILITY = YES;
				GCC_C_LANGUAGE_STANDARD = gnu11;
				GCC_DYNAMIC_NO_PIC = NO;
				GCC_NO_COMMON_BLOCKS = YES;
				GCC_OPTIMIZATION_LEVEL = 0;
				GCC_PREPROCESSOR_DEFINITIONS = (
					"DEBUG=1",
					"$(inherited)",
				);
				GCC_WARN_64_TO_32_BIT_CONVERSION = YES;
				GCC_WARN_ABOUT_RETURN_TYPE = YES_ERROR;
				GCC_WARN_UNDECLARED_SELECTOR = YES;
				GCC_WARN_UNINITIALIZED_AUTOS = YES_AGGRESSIVE;
				GCC_WARN_UNUSED_FUNCTION = YES;
				GCC_WARN_UNUSED_VARIABLE = YES;
				IPHONEOS_DEPLOYMENT_TARGET = 11.4;
				MTL_ENABLE_DEBUG_INFO = YES;
				ONLY_ACTIVE_ARCH = YES;
				SDKROOT = iphoneos;
				SWIFT_ACTIVE_COMPILATION_CONDITIONS = DEBUG;
				SWIFT_OPTIMIZATION_LEVEL = "-Onone";
			};
			name = Debug;
		};
		53528A6020FAA6240091D1DB /* Release */ = {
			isa = XCBuildConfiguration;
			buildSettings = {
				ALWAYS_SEARCH_USER_PATHS = NO;
				CLANG_ANALYZER_NONNULL = YES;
				CLANG_ANALYZER_NUMBER_OBJECT_CONVERSION = YES_AGGRESSIVE;
				CLANG_CXX_LANGUAGE_STANDARD = "gnu++14";
				CLANG_CXX_LIBRARY = "libc++";
				CLANG_ENABLE_MODULES = YES;
				CLANG_ENABLE_OBJC_ARC = YES;
				CLANG_ENABLE_OBJC_WEAK = YES;
				CLANG_WARN_BLOCK_CAPTURE_AUTORELEASING = YES;
				CLANG_WARN_BOOL_CONVERSION = YES;
				CLANG_WARN_COMMA = YES;
				CLANG_WARN_CONSTANT_CONVERSION = YES;
				CLANG_WARN_DEPRECATED_OBJC_IMPLEMENTATIONS = YES;
				CLANG_WARN_DIRECT_OBJC_ISA_USAGE = YES_ERROR;
				CLANG_WARN_DOCUMENTATION_COMMENTS = YES;
				CLANG_WARN_EMPTY_BODY = YES;
				CLANG_WARN_ENUM_CONVERSION = YES;
				CLANG_WARN_INFINITE_RECURSION = YES;
				CLANG_WARN_INT_CONVERSION = YES;
				CLANG_WARN_NON_LITERAL_NULL_CONVERSION = YES;
				CLANG_WARN_OBJC_IMPLICIT_RETAIN_SELF = YES;
				CLANG_WARN_OBJC_LITERAL_CONVERSION = YES;
				CLANG_WARN_OBJC_ROOT_CLASS = YES_ERROR;
				CLANG_WARN_RANGE_LOOP_ANALYSIS = YES;
				CLANG_WARN_STRICT_PROTOTYPES = YES;
				CLANG_WARN_SUSPICIOUS_MOVE = YES;
				CLANG_WARN_UNGUARDED_AVAILABILITY = YES_AGGRESSIVE;
				CLANG_WARN_UNREACHABLE_CODE = YES;
				CLANG_WARN__DUPLICATE_METHOD_MATCH = YES;
				CODE_SIGN_IDENTITY = "iPhone Developer";
				COPY_PHASE_STRIP = NO;
				DEBUG_INFORMATION_FORMAT = "dwarf-with-dsym";
				ENABLE_NS_ASSERTIONS = NO;
				ENABLE_STRICT_OBJC_MSGSEND = YES;
				GCC_C_LANGUAGE_STANDARD = gnu11;
				GCC_NO_COMMON_BLOCKS = YES;
				GCC_WARN_64_TO_32_BIT_CONVERSION = YES;
				GCC_WARN_ABOUT_RETURN_TYPE = YES_ERROR;
				GCC_WARN_UNDECLARED_SELECTOR = YES;
				GCC_WARN_UNINITIALIZED_AUTOS = YES_AGGRESSIVE;
				GCC_WARN_UNUSED_FUNCTION = YES;
				GCC_WARN_UNUSED_VARIABLE = YES;
				IPHONEOS_DEPLOYMENT_TARGET = 11.4;
				MTL_ENABLE_DEBUG_INFO = NO;
				SDKROOT = iphoneos;
				SWIFT_COMPILATION_MODE = wholemodule;
				SWIFT_OPTIMIZATION_LEVEL = "-O";
				VALIDATE_PRODUCT = YES;
			};
			name = Release;
		};
		53528A6220FAA6240091D1DB /* Debug */ = {
			isa = XCBuildConfiguration;
			baseConfigurationReference = B12F8A6A8383FFB0F72C5250 /* Pods-BUCentral.debug.xcconfig */;
			buildSettings = {
				ASSETCATALOG_COMPILER_APPICON_NAME = AppIcon;
				CODE_SIGN_STYLE = Automatic;
				DEVELOPMENT_TEAM = 7P32G83374;
				INFOPLIST_FILE = BUCentral/Info.plist;
				LD_RUNPATH_SEARCH_PATHS = (
					"$(inherited)",
					"@executable_path/Frameworks",
				);
				PRODUCT_BUNDLE_IDENTIFIER = com.product.BUCentral;
				PRODUCT_NAME = "$(TARGET_NAME)";
				SWIFT_VERSION = 4.0;
				TARGETED_DEVICE_FAMILY = "1,2";
			};
			name = Debug;
		};
		53528A6320FAA6240091D1DB /* Release */ = {
			isa = XCBuildConfiguration;
			baseConfigurationReference = A5AE727F33B253DB107E1287 /* Pods-BUCentral.release.xcconfig */;
			buildSettings = {
				ASSETCATALOG_COMPILER_APPICON_NAME = AppIcon;
				CODE_SIGN_STYLE = Automatic;
				DEVELOPMENT_TEAM = 7P32G83374;
				INFOPLIST_FILE = BUCentral/Info.plist;
				LD_RUNPATH_SEARCH_PATHS = (
					"$(inherited)",
					"@executable_path/Frameworks",
				);
				PRODUCT_BUNDLE_IDENTIFIER = com.product.BUCentral;
				PRODUCT_NAME = "$(TARGET_NAME)";
				SWIFT_VERSION = 4.0;
				TARGETED_DEVICE_FAMILY = "1,2";
			};
			name = Release;
		};
/* End XCBuildConfiguration section */

/* Begin XCConfigurationList section */
		53528A4A20FAA6210091D1DB /* Build configuration list for PBXProject "BUCentral" */ = {
			isa = XCConfigurationList;
			buildConfigurations = (
				53528A5F20FAA6240091D1DB /* Debug */,
				53528A6020FAA6240091D1DB /* Release */,
			);
			defaultConfigurationIsVisible = 0;
			defaultConfigurationName = Release;
		};
		53528A6120FAA6240091D1DB /* Build configuration list for PBXNativeTarget "BUCentral" */ = {
			isa = XCConfigurationList;
			buildConfigurations = (
				53528A6220FAA6240091D1DB /* Debug */,
				53528A6320FAA6240091D1DB /* Release */,
			);
			defaultConfigurationIsVisible = 0;
			defaultConfigurationName = Release;
		};
/* End XCConfigurationList section */
	};
	rootObject = 53528A4720FAA6210091D1DB /* Project object */;
}
